
Microsoft Visual Studio Solution File, Format Version 12.00
# Visual Studio Version 17
VisualStudioVersion = 17.3.32901.215
MinimumVisualStudioVersion = 10.0.40219.1
Project("{FAE04EC0-301F-11D3-BF4B-00C04F79EFBC}") = "space-image.Android", "space-image.Android\space-image.Android.csproj", "{0F284DBB-4B91-4DE2-B095-0E340ED8C514}"
EndProject
Project("{FAE04EC0-301F-11D3-BF4B-00C04F79EFBC}") = "space-image", "space-image\space-image.csproj", "{D0A52325-0577-48B3-9943-3CACFF0320EF}"
EndProject
Global
	GlobalSection(SolutionConfigurationPlatforms) = preSolution
		Debug|Any CPU = Debug|Any CPU
		Release|Any CPU = Release|Any CPU
	EndGlobalSection
	GlobalSection(ProjectConfigurationPlatforms) = postSolution
		{0F284DBB-4B91-4DE2-B095-0E340ED8C514}.Debug|Any CPU.ActiveCfg = Debug|Any CPU
		{0F284DBB-4B91-4DE2-B095-0E340ED8C514}.Debug|Any CPU.Build.0 = Debug|Any CPU
		{0F284DBB-4B91-4DE2-B095-0E340ED8C514}.Debug|Any CPU.Deploy.0 = Debug|Any CPU
		{0F284DBB-4B91-4DE2-B095-0E340ED8C514}.Release|Any CPU.ActiveCfg = Release|Any CPU
		{0F284DBB-4B91-4DE2-B095-0E340ED8C514}.Release|Any CPU.Build.0 = Release|Any CPU
		{0F284DBB-4B91-4DE2-B095-0E340ED8C514}.Release|Any CPU.Deploy.0 = Release|Any CPU
		{D0A52325-0577-48B3-9943-3CACFF0320EF}.Debug|Any CPU.ActiveCfg = Debug|Any CPU
		{D0A52325-0577-48B3-9943-3CACFF0320EF}.Debug|Any CPU.Build.0 = Debug|Any CPU
		{D0A52325-0577-48B3-9943-3CACFF0320EF}.Debug|Any CPU.Deploy.0 = Debug|Any CPU
		{D0A52325-0577-48B3-9943-3CACFF0320EF}.Release|Any CPU.ActiveCfg = Release|Any CPU
		{D0A52325-0577-48B3-9943-3CACFF0320EF}.Release|Any CPU.Build.0 = Release|Any CPU
		{D0A52325-0577-48B3-9943-3CACFF0320EF}.Release|Any CPU.Deploy.0 = Release|Any CPU
	EndGlobalSection
	GlobalSection(SolutionProperties) = preSolution
		HideSolutionNode = FALSE
	EndGlobalSection
	GlobalSection(ExtensibilityGlobals) = postSolution
		SolutionGuid = {C6D457A0-3723-4EAE-B46E-0D608508938A}
	EndGlobalSection
EndGlobal
